
Microsoft Visual Studio Solution File, Format Version 12.00
# Visual Studio Version 16
VisualStudioVersion = 16.0.30114.105
MinimumVisualStudioVersion = 10.0.40219.1
Project("{9A19103F-16F7-4668-BE54-9A1E7A4F7556}") = "Panamavirus.Bot.Console", "Panamavirus.Bot.Console\Panamavirus.Bot.Console.csproj", "{68CA8C52-BA8F-4BEF-AA47-EA8340631ABA}"
EndProject
Global
	GlobalSection(SolutionConfigurationPlatforms) = preSolution
		Debug|Any CPU = Debug|Any CPU
		Release|Any CPU = Release|Any CPU
	EndGlobalSection
	GlobalSection(ProjectConfigurationPlatforms) = postSolution
		{68CA8C52-BA8F-4BEF-AA47-EA8340631ABA}.Debug|Any CPU.ActiveCfg = Debug|Any CPU
		{68CA8C52-BA8F-4BEF-AA47-EA8340631ABA}.Debug|Any CPU.Build.0 = Debug|Any CPU
		{68CA8C52-BA8F-4BEF-AA47-EA8340631ABA}.Release|Any CPU.ActiveCfg = Release|Any CPU
		{68CA8C52-BA8F-4BEF-AA47-EA8340631ABA}.Release|Any CPU.Build.0 = Release|Any CPU
	EndGlobalSection
	GlobalSection(SolutionProperties) = preSolution
		HideSolutionNode = FALSE
	EndGlobalSection
	GlobalSection(ExtensibilityGlobals) = postSolution
		SolutionGuid = {E60CCD17-52A2-4A5D-95C8-4D1D91650B5A}
	EndGlobalSection
EndGlobal
